
Microsoft Visual Studio Solution File, Format Version 12.00
# Visual Studio Version 16
VisualStudioVersion = 16.0.31205.134
MinimumVisualStudioVersion = 10.0.40219.1
Project("{FAE04EC0-301F-11D3-BF4B-00C04F79EFBC}") = "PiOGI_z2_1", "PiOGI_z2_1\PiOGI_z2_1.csproj", "{CFB4CAAB-6584-4FB4-8D8A-CEF020A92C35}"
EndProject
Project("{FAE04EC0-301F-11D3-BF4B-00C04F79EFBC}") = "PiOGI_z2_2", "PiOGI_z2_2\PiOGI_z2_2.csproj", "{1E6A60C7-BD8A-438B-90FE-94634A7D6E8F}"
EndProject
Project("{FAE04EC0-301F-11D3-BF4B-00C04F79EFBC}") = "PiOGI_z2_3", "PiOGI_z2_3\PiOGI_z2_3.csproj", "{CFFBBE5E-3D68-4F37-A3E2-4A397C17EF30}"
EndProject
Global
	GlobalSection(SolutionConfigurationPlatforms) = preSolution
		Debug|Any CPU = Debug|Any CPU
		Release|Any CPU = Release|Any CPU
	EndGlobalSection
	GlobalSection(ProjectConfigurationPlatforms) = postSolution
		{CFB4CAAB-6584-4FB4-8D8A-CEF020A92C35}.Debug|Any CPU.ActiveCfg = Debug|Any CPU
		{CFB4CAAB-6584-4FB4-8D8A-CEF020A92C35}.Debug|Any CPU.Build.0 = Debug|Any CPU
		{CFB4CAAB-6584-4FB4-8D8A-CEF020A92C35}.Release|Any CPU.ActiveCfg = Release|Any CPU
		{CFB4CAAB-6584-4FB4-8D8A-CEF020A92C35}.Release|Any CPU.Build.0 = Release|Any CPU
		{1E6A60C7-BD8A-438B-90FE-94634A7D6E8F}.Debug|Any CPU.ActiveCfg = Debug|Any CPU
		{1E6A60C7-BD8A-438B-90FE-94634A7D6E8F}.Debug|Any CPU.Build.0 = Debug|Any CPU
		{1E6A60C7-BD8A-438B-90FE-94634A7D6E8F}.Release|Any CPU.ActiveCfg = Release|Any CPU
		{1E6A60C7-BD8A-438B-90FE-94634A7D6E8F}.Release|Any CPU.Build.0 = Release|Any CPU
		{CFFBBE5E-3D68-4F37-A3E2-4A397C17EF30}.Debug|Any CPU.ActiveCfg = Debug|Any CPU
		{CFFBBE5E-3D68-4F37-A3E2-4A397C17EF30}.Debug|Any CPU.Build.0 = Debug|Any CPU
		{CFFBBE5E-3D68-4F37-A3E2-4A397C17EF30}.Release|Any CPU.ActiveCfg = Release|Any CPU
		{CFFBBE5E-3D68-4F37-A3E2-4A397C17EF30}.Release|Any CPU.Build.0 = Release|Any CPU
	EndGlobalSection
	GlobalSection(SolutionProperties) = preSolution
		HideSolutionNode = FALSE
	EndGlobalSection
	GlobalSection(ExtensibilityGlobals) = postSolution
		SolutionGuid = {08384450-9CA8-454D-B421-863C8D4F3F05}
	EndGlobalSection
EndGlobal
