
Microsoft Visual Studio Solution File, Format Version 12.00
# Visual Studio Version 17
VisualStudioVersion = 17.4.33213.308
MinimumVisualStudioVersion = 10.0.40219.1
Project("{FAE04EC0-301F-11D3-BF4B-00C04F79EFBC}") = "PiOGI_z2_1", "PiOGI_z2_1\PiOGI_z2_1.csproj", "{CFB4CAAB-6584-4FB4-8D8A-CEF020A92C35}"
EndProject
Project("{FAE04EC0-301F-11D3-BF4B-00C04F79EFBC}") = "PiOGI_z2_2", "PiOGI_z2_2\PiOGI_z2_2.csproj", "{1E6A60C7-BD8A-438B-90FE-94634A7D6E8F}"
EndProject
Project("{FAE04EC0-301F-11D3-BF4B-00C04F79EFBC}") = "PiOGI_z2_3", "PiOGI_z2_3\PiOGI_z2_3.csproj", "{CFFBBE5E-3D68-4F37-A3E2-4A397C17EF30}"
EndProject
Project("{FAE04EC0-301F-11D3-BF4B-00C04F79EFBC}") = "PiOGI_z2_4", "PiOGI_z2_4\PiOGI_z2_4.csproj", "{99216D2B-4D27-4BD8-ABA2-703F925087AD}"
EndProject
Project("{FAE04EC0-301F-11D3-BF4B-00C04F79EFBC}") = "PiOGI_z2_5", "PiOGI_z2_5\PiOGI_z2_5.csproj", "{5849C9FE-C03C-4E60-A96D-7373F6342572}"
EndProject
Global
	GlobalSection(SolutionConfigurationPlatforms) = preSolution
		Debug|Any CPU = Debug|Any CPU
		Release|Any CPU = Release|Any CPU
	EndGlobalSection
	GlobalSection(ProjectConfigurationPlatforms) = postSolution
		{CFB4CAAB-6584-4FB4-8D8A-CEF020A92C35}.Debug|Any CPU.ActiveCfg = Debug|Any CPU
		{CFB4CAAB-6584-4FB4-8D8A-CEF020A92C35}.Debug|Any CPU.Build.0 = Debug|Any CPU
		{CFB4CAAB-6584-4FB4-8D8A-CEF020A92C35}.Release|Any CPU.ActiveCfg = Release|Any CPU
		{CFB4CAAB-6584-4FB4-8D8A-CEF020A92C35}.Release|Any CPU.Build.0 = Release|Any CPU
		{1E6A60C7-BD8A-438B-90FE-94634A7D6E8F}.Debug|Any CPU.ActiveCfg = Debug|Any CPU
		{1E6A60C7-BD8A-438B-90FE-94634A7D6E8F}.Debug|Any CPU.Build.0 = Debug|Any CPU
		{1E6A60C7-BD8A-438B-90FE-94634A7D6E8F}.Release|Any CPU.ActiveCfg = Release|Any CPU
		{1E6A60C7-BD8A-438B-90FE-94634A7D6E8F}.Release|Any CPU.Build.0 = Release|Any CPU
		{CFFBBE5E-3D68-4F37-A3E2-4A397C17EF30}.Debug|Any CPU.ActiveCfg = Debug|Any CPU
		{CFFBBE5E-3D68-4F37-A3E2-4A397C17EF30}.Debug|Any CPU.Build.0 = Debug|Any CPU
		{CFFBBE5E-3D68-4F37-A3E2-4A397C17EF30}.Release|Any CPU.ActiveCfg = Release|Any CPU
		{CFFBBE5E-3D68-4F37-A3E2-4A397C17EF30}.Release|Any CPU.Build.0 = Release|Any CPU
		{99216D2B-4D27-4BD8-ABA2-703F925087AD}.Debug|Any CPU.ActiveCfg = Debug|Any CPU
		{99216D2B-4D27-4BD8-ABA2-703F925087AD}.Debug|Any CPU.Build.0 = Debug|Any CPU
		{99216D2B-4D27-4BD8-ABA2-703F925087AD}.Release|Any CPU.ActiveCfg = Release|Any CPU
		{99216D2B-4D27-4BD8-ABA2-703F925087AD}.Release|Any CPU.Build.0 = Release|Any CPU
		{5849C9FE-C03C-4E60-A96D-7373F6342572}.Debug|Any CPU.ActiveCfg = Debug|Any CPU
		{5849C9FE-C03C-4E60-A96D-7373F6342572}.Debug|Any CPU.Build.0 = Debug|Any CPU
		{5849C9FE-C03C-4E60-A96D-7373F6342572}.Release|Any CPU.ActiveCfg = Release|Any CPU
		{5849C9FE-C03C-4E60-A96D-7373F6342572}.Release|Any CPU.Build.0 = Release|Any CPU
	EndGlobalSection
	GlobalSection(SolutionProperties) = preSolution
		HideSolutionNode = FALSE
	EndGlobalSection
	GlobalSection(ExtensibilityGlobals) = postSolution
		SolutionGuid = {08384450-9CA8-454D-B421-863C8D4F3F05}
	EndGlobalSection
EndGlobal
