
Microsoft Visual Studio Solution File, Format Version 12.00
# Visual Studio Version 17
VisualStudioVersion = 17.4.33213.308
MinimumVisualStudioVersion = 10.0.40219.1
Project("{FAE04EC0-301F-11D3-BF4B-00C04F79EFBC}") = "PiOGI_z3", "PiOGI_z3.csproj", "{8E4DD280-08A3-485F-83BA-EDF7B7B7F715}"
EndProject
Global
	GlobalSection(SolutionConfigurationPlatforms) = preSolution
		Debug|Any CPU = Debug|Any CPU
		Release|Any CPU = Release|Any CPU
	EndGlobalSection
	GlobalSection(ProjectConfigurationPlatforms) = postSolution
		{8E4DD280-08A3-485F-83BA-EDF7B7B7F715}.Debug|Any CPU.ActiveCfg = Debug|Any CPU
		{8E4DD280-08A3-485F-83BA-EDF7B7B7F715}.Debug|Any CPU.Build.0 = Debug|Any CPU
		{8E4DD280-08A3-485F-83BA-EDF7B7B7F715}.Release|Any CPU.ActiveCfg = Release|Any CPU
		{8E4DD280-08A3-485F-83BA-EDF7B7B7F715}.Release|Any CPU.Build.0 = Release|Any CPU
	EndGlobalSection
	GlobalSection(SolutionProperties) = preSolution
		HideSolutionNode = FALSE
	EndGlobalSection
	GlobalSection(ExtensibilityGlobals) = postSolution
		SolutionGuid = {AFD12B89-F85A-4606-A769-11955C66A767}
	EndGlobalSection
EndGlobal
