
Microsoft Visual Studio Solution File, Format Version 12.00
# Visual Studio Version 17
VisualStudioVersion = 17.4.33213.308
MinimumVisualStudioVersion = 10.0.40219.1
Project("{FAE04EC0-301F-11D3-BF4B-00C04F79EFBC}") = "PiOGI_z4", "PiOGI_z4.csproj", "{F1139AE9-C916-4AFD-B776-36329F95547F}"
EndProject
Global
	GlobalSection(SolutionConfigurationPlatforms) = preSolution
		Debug|Any CPU = Debug|Any CPU
		Release|Any CPU = Release|Any CPU
	EndGlobalSection
	GlobalSection(ProjectConfigurationPlatforms) = postSolution
		{F1139AE9-C916-4AFD-B776-36329F95547F}.Debug|Any CPU.ActiveCfg = Debug|Any CPU
		{F1139AE9-C916-4AFD-B776-36329F95547F}.Debug|Any CPU.Build.0 = Debug|Any CPU
		{F1139AE9-C916-4AFD-B776-36329F95547F}.Release|Any CPU.ActiveCfg = Release|Any CPU
		{F1139AE9-C916-4AFD-B776-36329F95547F}.Release|Any CPU.Build.0 = Release|Any CPU
	EndGlobalSection
	GlobalSection(SolutionProperties) = preSolution
		HideSolutionNode = FALSE
	EndGlobalSection
	GlobalSection(ExtensibilityGlobals) = postSolution
		SolutionGuid = {4110CE61-D4BC-40F8-A3A4-436D3C6FAF0B}
	EndGlobalSection
EndGlobal
